<?xml version="1.0" encoding="utf-8"?>
<Project ToolsVersion="4.0" xmlns="http://schemas.microsoft.com/developer/msbuild/2003">
  <ItemGroup>
    <Filter Include="Common">
      <UniqueIdentifier>cd99bc5c-482b-4d5c-909a-35f0c1f8d2dc</UniqueIdentifier>
    </Filter>
    <Filter Include="Assets">
      <UniqueIdentifier>eac2676f-5df5-4d2a-8f89-5e71e6cc3ce8</UniqueIdentifier>
      <Extensions>bmp;fbx;gif;jpg;jpeg;tga;tiff;tif;png</Extensions>
    </Filter>
    <ClInclude Include="Common\DeviceResources.h">
      <Filter>Common</Filter>
    </ClInclude>
    <ClCompile Include="Common\DeviceResources.cpp">
      <Filter>Common</Filter>
    </ClCompile>
    <Image Include="Assets\LockScreenLogo.scale-200.png">
      <Filter>Assets</Filter>
    </Image>
    <Image Include="Assets\SplashScreen.scale-200.png">
      <Filter>Assets</Filter>
    </Image>
    <Image Include="Assets\Square150x150Logo.scale-200.png">
      <Filter>Assets</Filter>
    </Image>
    <Image Include="Assets\Square44x44Logo.scale-200.png">
      <Filter>Assets</Filter>
    </Image>
    <Image Include="Assets\Square44x44Logo.targetsize-24_altform-unplated.png">
      <Filter>Assets</Filter>
    </Image>
    <Image Include="Assets\Wide310x150Logo.scale-200.png">
      <Filter>Assets</Filter>
    </Image>
    <Filter Include="Source">
      <UniqueIdentifier>{e8baf8ea-b500-40a6-be81-21637b14e125}</UniqueIdentifier>
    </Filter>
    <Filter Include="Source\audio">
      <UniqueIdentifier>{d63510ae-a777-4f9b-901e-def140f812a6}</UniqueIdentifier>
    </Filter>
    <Filter Include="Source\core">
      <UniqueIdentifier>{74736017-a0bc-421a-aa69-c04498787585}</UniqueIdentifier>
    </Filter>
    <Filter Include="Source\entities">
      <UniqueIdentifier>{3aaa6ba3-2113-4d03-8e8a-b62365b3ac9f}</UniqueIdentifier>
    </Filter>
    <Filter Include="Source\graphics">
      <UniqueIdentifier>{354ed41e-f5e3-4fb3-9780-a8215d8f3a87}</UniqueIdentifier>
    </Filter>
    <Filter Include="Source\graphics\sdlrenderer">
      <UniqueIdentifier>{c950530c-6ee6-4e2e-9945-a041f2657f9c}</UniqueIdentifier>
    </Filter>
    <Filter Include="Source\graphics\glrenderer">
      <UniqueIdentifier>{b821dba7-42e6-404f-81fc-6c6e8971eb71}</UniqueIdentifier>
    </Filter>
    <Filter Include="Source\hero">
      <UniqueIdentifier>{b5be7ea7-a382-4255-9281-3cc148dce902}</UniqueIdentifier>
    </Filter>
    <Filter Include="Source\lua">
      <UniqueIdentifier>{99f01784-e543-4510-bad9-7f990180ab82}</UniqueIdentifier>
    </Filter>
    <Filter Include="Source\main">
      <UniqueIdentifier>{08e2554d-1e9f-4f1c-a152-1ff20a3e0503}</UniqueIdentifier>
    </Filter>
    <Filter Include="Source\movements">
      <UniqueIdentifier>{6b3f2f64-bfef-46c9-b28d-2c28a3e6efe7}</UniqueIdentifier>
    </Filter>
    <Filter Include="Source\third_party">
      <UniqueIdentifier>{9bb52a4d-f09c-421f-9009-bed8950be58b}</UniqueIdentifier>
    </Filter>
    <Filter Include="Source\third_party\glad">
      <UniqueIdentifier>{b7ba1036-61ec-474c-864f-1f1473a5166a}</UniqueIdentifier>
    </Filter>
    <Filter Include="Source\third_party\hqx">
      <UniqueIdentifier>{46c3cac6-540c-4e64-a015-a5876d78f157}</UniqueIdentifier>
    </Filter>
    <Filter Include="Source\third_party\snes_spc">
      <UniqueIdentifier>{ebbd6b4b-051e-40aa-bd4d-d9a8ad7ec3a1}</UniqueIdentifier>
    </Filter>
    <Filter Include="include">
      <UniqueIdentifier>{dc9b5181-c555-48c1-9a92-9c8979aaa72c}</UniqueIdentifier>
    </Filter>
    <Filter Include="include\audio">
      <UniqueIdentifier>{066d7997-1797-4b81-8d05-c804e5e6eef5}</UniqueIdentifier>
    </Filter>
    <Filter Include="include\core">
      <UniqueIdentifier>{43ba91e1-b90d-4d27-9768-cce3ee5fb9d7}</UniqueIdentifier>
    </Filter>
    <Filter Include="include\entities">
      <UniqueIdentifier>{251621d7-8159-4e95-9c54-68bc9dbad9ed}</UniqueIdentifier>
    </Filter>
    <Filter Include="include\graphics">
      <UniqueIdentifier>{93ba4ab7-2103-43f8-b1f4-9312e4ce9a65}</UniqueIdentifier>
    </Filter>
    <Filter Include="include\graphics\sdlrenderer">
      <UniqueIdentifier>{cbdb0aef-e88d-4561-972f-452b0e11bced}</UniqueIdentifier>
    </Filter>
    <Filter Include="include\graphics\glrenderer">
      <UniqueIdentifier>{2076978f-388d-4ada-86ea-e639629c0000}</UniqueIdentifier>
    </Filter>
    <Filter Include="include\hero">
      <UniqueIdentifier>{f0dbe77a-b8fb-46d6-9518-e6f42b3131b5}</UniqueIdentifier>
    </Filter>
    <Filter Include="include\lua">
      <UniqueIdentifier>{7e644be4-4222-4feb-abfc-00f9363e4035}</UniqueIdentifier>
    </Filter>
    <Filter Include="include\movements">
      <UniqueIdentifier>{42393503-2668-4e3b-b80a-fbc48cc20509}</UniqueIdentifier>
    </Filter>
    <Filter Include="include\third_party">
      <UniqueIdentifier>{46624e2a-f1b1-46e2-9571-9fb4e3a05ff4}</UniqueIdentifier>
    </Filter>
    <Filter Include="include\third_party\KHR">
      <UniqueIdentifier>{369a8721-68bd-452d-862e-ce27e8ba3bc6}</UniqueIdentifier>
    </Filter>
    <Filter Include="include\third_party\hqx">
      <UniqueIdentifier>{2fa6c8b8-e61c-439e-92c2-4f224a54e2df}</UniqueIdentifier>
    </Filter>
    <Filter Include="include\third_party\snes_spc">
      <UniqueIdentifier>{9a70928f-b6d2-4294-87a8-ac0c83f2e8dc}</UniqueIdentifier>
    </Filter>
    <Filter Include="include\third_party\glad">
      <UniqueIdentifier>{0a4fb1ff-10cc-439b-8871-65b229498311}</UniqueIdentifier>
    </Filter>
    <Filter Include="include\containers">
      <UniqueIdentifier>{b04aeb15-b408-40b1-ab1b-acdf95e854ca}</UniqueIdentifier>
    </Filter>
  </ItemGroup>
  <ItemGroup>
    <ApplicationDefinition Include="App.xaml" />
  </ItemGroup>
  <ItemGroup>
    <ClCompile Include="App.xaml.cpp" />
    <ClCompile Include="Solarus_WinRT_XAMLMain.cpp" />
    <ClCompile Include="DirectXPage.xaml.cpp" />
    <ClCompile Include="pch.cpp" />
    <ClCompile Include="..\..\solarus\src\audio\ItDecoder.cpp">
      <Filter>Source\audio</Filter>
    </ClCompile>
    <ClCompile Include="..\..\solarus\src\audio\Music.cpp">
      <Filter>Source\audio</Filter>
    </ClCompile>
    <ClCompile Include="..\..\solarus\src\audio\OggDecoder.cpp">
      <Filter>Source\audio</Filter>
    </ClCompile>
    <ClCompile Include="..\..\solarus\src\audio\Sound.cpp">
      <Filter>Source\audio</Filter>
    </ClCompile>
    <ClCompile Include="..\..\solarus\src\audio\SoundBuffer.cpp">
      <Filter>Source\audio</Filter>
    </ClCompile>
    <ClCompile Include="..\..\solarus\src\audio\SpcDecoder.cpp">
      <Filter>Source\audio</Filter>
    </ClCompile>
    <ClCompile Include="..\..\solarus\src\core\AbilityInfo.cpp">
      <Filter>Source\core</Filter>
    </ClCompile>
    <ClCompile Include="..\..\solarus\src\core\Arguments.cpp">
      <Filter>Source\core</Filter>
    </ClCompile>
    <ClCompile Include="..\..\solarus\src\core\CommandsEffects.cpp">
      <Filter>Source\core</Filter>
    </ClCompile>
    <ClCompile Include="..\..\solarus\src\core\CurrentQuest.cpp">
      <Filter>Source\core</Filter>
    </ClCompile>
    <ClCompile Include="..\..\solarus\src\core\Debug.cpp">
      <Filter>Source\core</Filter>
    </ClCompile>
    <ClCompile Include="..\..\solarus\src\core\Dialog.cpp">
      <Filter>Source\core</Filter>
    </ClCompile>
    <ClCompile Include="..\..\solarus\src\core\DialogBoxSystem.cpp">
      <Filter>Source\core</Filter>
    </ClCompile>
    <ClCompile Include="..\..\solarus\src\core\DialogResources.cpp">
      <Filter>Source\core</Filter>
    </ClCompile>
    <ClCompile Include="..\..\solarus\src\core\Equipment.cpp">
      <Filter>Source\core</Filter>
    </ClCompile>
    <ClCompile Include="..\..\solarus\src\core\EquipmentItem.cpp">
      <Filter>Source\core</Filter>
    </ClCompile>
    <ClCompile Include="..\..\solarus\src\core\EquipmentItemUsage.cpp">
      <Filter>Source\core</Filter>
    </ClCompile>
    <ClCompile Include="..\..\solarus\src\core\FontResource.cpp">
      <Filter>Source\core</Filter>
    </ClCompile>
    <ClCompile Include="..\..\solarus\src\core\Game.cpp">
      <Filter>Source\core</Filter>
    </ClCompile>
    <ClCompile Include="..\..\solarus\src\core\GameCommands.cpp">
      <Filter>Source\core</Filter>
    </ClCompile>
    <ClCompile Include="..\..\solarus\src\core\Geometry.cpp">
      <Filter>Source\core</Filter>
    </ClCompile>
    <ClCompile Include="..\..\solarus\src\core\InputEvent.cpp">
      <Filter>Source\core</Filter>
    </ClCompile>
    <ClCompile Include="..\..\solarus\src\core\Logger.cpp">
      <Filter>Source\core</Filter>
    </ClCompile>
    <ClCompile Include="..\..\solarus\src\core\MainLoop.cpp">
      <Filter>Source\core</Filter>
    </ClCompile>
    <ClCompile Include="..\..\solarus\src\core\Map.cpp">
      <Filter>Source\core</Filter>
    </ClCompile>
    <ClCompile Include="..\..\solarus\src\core\MapData.cpp">
      <Filter>Source\core</Filter>
    </ClCompile>
    <ClCompile Include="..\..\solarus\src\core\PerfCounter.cpp">
      <Filter>Source\core</Filter>
    </ClCompile>
    <ClCompile Include="..\..\solarus\src\core\PixelBits.cpp">
      <Filter>Source\core</Filter>
    </ClCompile>
    <ClCompile Include="..\..\solarus\src\core\Point.cpp">
      <Filter>Source\core</Filter>
    </ClCompile>
    <ClCompile Include="..\..\solarus\src\core\QuestDatabase.cpp">
      <Filter>Source\core</Filter>
    </ClCompile>
    <ClCompile Include="..\..\solarus\src\core\QuestFiles.cpp">
      <Filter>Source\core</Filter>
    </ClCompile>
    <ClCompile Include="..\..\solarus\src\core\QuestProperties.cpp">
      <Filter>Source\core</Filter>
    </ClCompile>
    <ClCompile Include="..\..\solarus\src\core\Random.cpp">
      <Filter>Source\core</Filter>
    </ClCompile>
    <ClCompile Include="..\..\solarus\src\core\Rectangle.cpp">
      <Filter>Source\core</Filter>
    </ClCompile>
    <ClCompile Include="..\..\solarus\src\core\ResourceProvider.cpp">
      <Filter>Source\core</Filter>
    </ClCompile>
    <ClCompile Include="..\..\solarus\src\core\Savegame.cpp">
      <Filter>Source\core</Filter>
    </ClCompile>
    <ClCompile Include="..\..\solarus\src\core\SavegameConverterV1.cpp">
      <Filter>Source\core</Filter>
    </ClCompile>
    <ClCompile Include="..\..\solarus\src\core\Settings.cpp">
      <Filter>Source\core</Filter>
    </ClCompile>
    <ClCompile Include="..\..\solarus\src\core\Size.cpp">
      <Filter>Source\core</Filter>
    </ClCompile>
    <ClCompile Include="..\..\solarus\src\core\SolarusFatal.cpp">
      <Filter>Source\core</Filter>
    </ClCompile>
    <ClCompile Include="..\..\solarus\src\core\String.cpp">
      <Filter>Source\core</Filter>
    </ClCompile>
    <ClCompile Include="..\..\solarus\src\core\StringResources.cpp">
      <Filter>Source\core</Filter>
    </ClCompile>
    <ClCompile Include="..\..\solarus\src\core\System.cpp">
      <Filter>Source\core</Filter>
    </ClCompile>
    <ClCompile Include="..\..\solarus\src\core\Timer.cpp">
      <Filter>Source\core</Filter>
    </ClCompile>
    <ClCompile Include="..\..\solarus\src\core\Treasure.cpp">
      <Filter>Source\core</Filter>
    </ClCompile>
    <ClCompile Include="..\..\solarus\src\entities\AnimatedTilePattern.cpp">
      <Filter>Source\entities</Filter>
    </ClCompile>
    <ClCompile Include="..\..\solarus\src\entities\Arrow.cpp">
      <Filter>Source\entities</Filter>
    </ClCompile>
    <ClCompile Include="..\..\solarus\src\entities\Block.cpp">
      <Filter>Source\entities</Filter>
    </ClCompile>
    <ClCompile Include="..\..\solarus\src\entities\Bomb.cpp">
      <Filter>Source\entities</Filter>
    </ClCompile>
    <ClCompile Include="..\..\solarus\src\entities\Boomerang.cpp">
      <Filter>Source\entities</Filter>
    </ClCompile>
    <ClCompile Include="..\..\solarus\src\entities\BorderSet.cpp">
      <Filter>Source\entities</Filter>
    </ClCompile>
    <ClCompile Include="..\..\solarus\src\entities\Camera.cpp">
      <Filter>Source\entities</Filter>
    </ClCompile>
    <ClCompile Include="..\..\solarus\src\entities\CarriedObject.cpp">
      <Filter>Source\entities</Filter>
    </ClCompile>
    <ClCompile Include="..\..\solarus\src\entities\Chest.cpp">
      <Filter>Source\entities</Filter>
    </ClCompile>
    <ClCompile Include="..\..\solarus\src\entities\CollisionMode.cpp">
      <Filter>Source\entities</Filter>
    </ClCompile>
    <ClCompile Include="..\..\solarus\src\entities\Crystal.cpp">
      <Filter>Source\entities</Filter>
    </ClCompile>
    <ClCompile Include="..\..\solarus\src\entities\CrystalBlock.cpp">
      <Filter>Source\entities</Filter>
    </ClCompile>
    <ClCompile Include="..\..\solarus\src\entities\CustomEntity.cpp">
      <Filter>Source\entities</Filter>
    </ClCompile>
    <ClCompile Include="..\..\solarus\src\entities\Destination.cpp">
      <Filter>Source\entities</Filter>
    </ClCompile>
    <ClCompile Include="..\..\solarus\src\entities\Destructible.cpp">
      <Filter>Source\entities</Filter>
    </ClCompile>
    <ClCompile Include="..\..\solarus\src\entities\Door.cpp">
      <Filter>Source\entities</Filter>
    </ClCompile>
    <ClCompile Include="..\..\solarus\src\entities\DynamicTile.cpp">
      <Filter>Source\entities</Filter>
    </ClCompile>
    <ClCompile Include="..\..\solarus\src\entities\Enemy.cpp">
      <Filter>Source\entities</Filter>
    </ClCompile>
    <ClCompile Include="..\..\solarus\src\entities\EnemyReaction.cpp">
      <Filter>Source\entities</Filter>
    </ClCompile>
    <ClCompile Include="..\..\solarus\src\entities\Entities.cpp">
      <Filter>Source\entities</Filter>
    </ClCompile>
    <ClCompile Include="..\..\solarus\src\entities\Entity.cpp">
      <Filter>Source\entities</Filter>
    </ClCompile>
    <ClCompile Include="..\..\solarus\src\entities\EntityData.cpp">
      <Filter>Source\entities</Filter>
    </ClCompile>
    <ClCompile Include="..\..\solarus\src\entities\EntityState.cpp">
      <Filter>Source\entities</Filter>
    </ClCompile>
    <ClCompile Include="..\..\solarus\src\entities\EntityTypeInfo.cpp">
      <Filter>Source\entities</Filter>
    </ClCompile>
    <ClCompile Include="..\..\solarus\src\entities\Explosion.cpp">
      <Filter>Source\entities</Filter>
    </ClCompile>
    <ClCompile Include="..\..\solarus\src\entities\Fire.cpp">
      <Filter>Source\entities</Filter>
    </ClCompile>
    <ClCompile Include="..\..\solarus\src\entities\GroundInfo.cpp">
      <Filter>Source\entities</Filter>
    </ClCompile>
    <ClCompile Include="..\..\solarus\src\entities\Hero.cpp">
      <Filter>Source\entities</Filter>
    </ClCompile>
    <ClCompile Include="..\..\solarus\src\entities\Hookshot.cpp">
      <Filter>Source\entities</Filter>
    </ClCompile>
    <ClCompile Include="..\..\solarus\src\entities\Jumper.cpp">
      <Filter>Source\entities</Filter>
    </ClCompile>
    <ClCompile Include="..\..\solarus\src\entities\NonAnimatedRegions.cpp">
      <Filter>Source\entities</Filter>
    </ClCompile>
    <ClCompile Include="..\..\solarus\src\entities\Npc.cpp">
      <Filter>Source\entities</Filter>
    </ClCompile>
    <ClCompile Include="..\..\solarus\src\entities\ParallaxScrollingTilePattern.cpp">
      <Filter>Source\entities</Filter>
    </ClCompile>
    <ClCompile Include="..\..\solarus\src\entities\Pickable.cpp">
      <Filter>Source\entities</Filter>
    </ClCompile>
    <ClCompile Include="..\..\solarus\src\entities\SelfScrollingTilePattern.cpp">
      <Filter>Source\entities</Filter>
    </ClCompile>
    <ClCompile Include="..\..\solarus\src\entities\Sensor.cpp">
      <Filter>Source\entities</Filter>
    </ClCompile>
    <ClCompile Include="..\..\solarus\src\entities\Separator.cpp">
      <Filter>Source\entities</Filter>
    </ClCompile>
    <ClCompile Include="..\..\solarus\src\entities\ShopTreasure.cpp">
      <Filter>Source\entities</Filter>
    </ClCompile>
    <ClCompile Include="..\..\solarus\src\entities\SimpleTilePattern.cpp">
      <Filter>Source\entities</Filter>
    </ClCompile>
    <ClCompile Include="..\..\solarus\src\entities\Stairs.cpp">
      <Filter>Source\entities</Filter>
    </ClCompile>
    <ClCompile Include="..\..\solarus\src\entities\StartingLocationMode.cpp">
      <Filter>Source\entities</Filter>
    </ClCompile>
    <ClCompile Include="..\..\solarus\src\entities\Stream.cpp">
      <Filter>Source\entities</Filter>
    </ClCompile>
    <ClCompile Include="..\..\solarus\src\entities\StreamAction.cpp">
      <Filter>Source\entities</Filter>
    </ClCompile>
    <ClCompile Include="..\..\solarus\src\entities\Switch.cpp">
      <Filter>Source\entities</Filter>
    </ClCompile>
    <ClCompile Include="..\..\solarus\src\entities\Teletransporter.cpp">
      <Filter>Source\entities</Filter>
    </ClCompile>
    <ClCompile Include="..\..\solarus\src\entities\Tile.cpp">
      <Filter>Source\entities</Filter>
    </ClCompile>
    <ClCompile Include="..\..\solarus\src\entities\TilePattern.cpp">
      <Filter>Source\entities</Filter>
    </ClCompile>
    <ClCompile Include="..\..\solarus\src\entities\Tileset.cpp">
      <Filter>Source\entities</Filter>
    </ClCompile>
    <ClCompile Include="..\..\solarus\src\entities\TilesetData.cpp">
      <Filter>Source\entities</Filter>
    </ClCompile>
    <ClCompile Include="..\..\solarus\src\entities\TraversableInfo.cpp">
      <Filter>Source\entities</Filter>
    </ClCompile>
    <ClCompile Include="..\..\solarus\src\entities\Wall.cpp">
      <Filter>Source\entities</Filter>
    </ClCompile>
    <ClCompile Include="..\..\solarus\src\graphics\BlendModeInfo.cpp">
      <Filter>Source\graphics</Filter>
    </ClCompile>
    <ClCompile Include="..\..\solarus\src\graphics\Color.cpp">
      <Filter>Source\graphics</Filter>
    </ClCompile>
    <ClCompile Include="..\..\solarus\src\graphics\Drawable.cpp">
      <Filter>Source\graphics</Filter>
    </ClCompile>
    <ClCompile Include="..\..\solarus\src\graphics\Hq2xFilter.cpp">
      <Filter>Source\graphics</Filter>
    </ClCompile>
    <ClCompile Include="..\..\solarus\src\graphics\Hq3xFilter.cpp">
      <Filter>Source\graphics</Filter>
    </ClCompile>
    <ClCompile Include="..\..\solarus\src\graphics\Hq4xFilter.cpp">
      <Filter>Source\graphics</Filter>
    </ClCompile>
    <ClCompile Include="..\..\solarus\src\graphics\Renderer.cpp">
      <Filter>Source\graphics</Filter>
    </ClCompile>
    <ClCompile Include="..\..\solarus\src\graphics\Scale2xFilter.cpp">
      <Filter>Source\graphics</Filter>
    </ClCompile>
    <ClCompile Include="..\..\solarus\src\graphics\Shader.cpp">
      <Filter>Source\graphics</Filter>
    </ClCompile>
    <ClCompile Include="..\..\solarus\src\graphics\ShaderData.cpp">
      <Filter>Source\graphics</Filter>
    </ClCompile>
    <ClCompile Include="..\..\solarus\src\graphics\SoftwarePixelFilter.cpp">
      <Filter>Source\graphics</Filter>
    </ClCompile>
    <ClCompile Include="..\..\solarus\src\graphics\SoftwareVideoMode.cpp">
      <Filter>Source\graphics</Filter>
    </ClCompile>
    <ClCompile Include="..\..\solarus\src\graphics\Sprite.cpp">
      <Filter>Source\graphics</Filter>
    </ClCompile>
    <ClCompile Include="..\..\solarus\src\graphics\SpriteAnimation.cpp">
      <Filter>Source\graphics</Filter>
    </ClCompile>
    <ClCompile Include="..\..\solarus\src\graphics\SpriteAnimationDirection.cpp">
      <Filter>Source\graphics</Filter>
    </ClCompile>
    <ClCompile Include="..\..\solarus\src\graphics\SpriteAnimationSet.cpp">
      <Filter>Source\graphics</Filter>
    </ClCompile>
    <ClCompile Include="..\..\solarus\src\graphics\SpriteData.cpp">
      <Filter>Source\graphics</Filter>
    </ClCompile>
    <ClCompile Include="..\..\solarus\src\graphics\Surface.cpp">
      <Filter>Source\graphics</Filter>
    </ClCompile>
    <ClCompile Include="..\..\solarus\src\graphics\SurfaceImpl.cpp">
      <Filter>Source\graphics</Filter>
    </ClCompile>
    <ClCompile Include="..\..\solarus\src\graphics\TextSurface.cpp">
      <Filter>Source\graphics</Filter>
    </ClCompile>
    <ClCompile Include="..\..\solarus\src\graphics\Transition.cpp">
      <Filter>Source\graphics</Filter>
    </ClCompile>
    <ClCompile Include="..\..\solarus\src\graphics\TransitionFade.cpp">
      <Filter>Source\graphics</Filter>
    </ClCompile>
    <ClCompile Include="..\..\solarus\src\graphics\TransitionImmediate.cpp">
      <Filter>Source\graphics</Filter>
    </ClCompile>
    <ClCompile Include="..\..\solarus\src\graphics\TransitionScrolling.cpp">
      <Filter>Source\graphics</Filter>
    </ClCompile>
    <ClCompile Include="..\..\solarus\src\graphics\VertexArray.cpp">
      <Filter>Source\graphics</Filter>
    </ClCompile>
    <ClCompile Include="..\..\solarus\src\graphics\Video.cpp">
      <Filter>Source\graphics</Filter>
    </ClCompile>
    <ClCompile Include="..\..\solarus\src\graphics\sdlrenderer\SDLRenderer.cpp">
      <Filter>Source\graphics\sdlrenderer</Filter>
    </ClCompile>
    <ClCompile Include="..\..\solarus\src\graphics\sdlrenderer\SDLShader.cpp">
      <Filter>Source\graphics\sdlrenderer</Filter>
    </ClCompile>
    <ClCompile Include="..\..\solarus\src\graphics\sdlrenderer\SDLSurfaceImpl.cpp">
      <Filter>Source\graphics\sdlrenderer</Filter>
    </ClCompile>
    <ClCompile Include="..\..\solarus\src\graphics\glrenderer\GlRenderer.cpp">
      <Filter>Source\graphics\glrenderer</Filter>
    </ClCompile>
    <ClCompile Include="..\..\solarus\src\graphics\glrenderer\GlShader.cpp">
      <Filter>Source\graphics\glrenderer</Filter>
    </ClCompile>
    <ClCompile Include="..\..\solarus\src\graphics\glrenderer\GlTexture.cpp">
      <Filter>Source\graphics\glrenderer</Filter>
    </ClCompile>
    <ClCompile Include="..\..\solarus\src\hero\BackToSolidGroundState.cpp">
      <Filter>Source\hero</Filter>
    </ClCompile>
    <ClCompile Include="..\..\solarus\src\hero\BoomerangState.cpp">
      <Filter>Source\hero</Filter>
    </ClCompile>
    <ClCompile Include="..\..\solarus\src\hero\BowState.cpp">
      <Filter>Source\hero</Filter>
    </ClCompile>
    <ClCompile Include="..\..\solarus\src\hero\CarryingState.cpp">
      <Filter>Source\hero</Filter>
    </ClCompile>
    <ClCompile Include="..\..\solarus\src\hero\CustomState.cpp">
      <Filter>Source\hero</Filter>
    </ClCompile>
    <ClCompile Include="..\..\solarus\src\hero\FallingState.cpp">
      <Filter>Source\hero</Filter>
    </ClCompile>
    <ClCompile Include="..\..\solarus\src\hero\ForcedWalkingState.cpp">
      <Filter>Source\hero</Filter>
    </ClCompile>
    <ClCompile Include="..\..\solarus\src\hero\FreeState.cpp">
      <Filter>Source\hero</Filter>
    </ClCompile>
    <ClCompile Include="..\..\solarus\src\hero\FrozenState.cpp">
      <Filter>Source\hero</Filter>
    </ClCompile>
    <ClCompile Include="..\..\solarus\src\hero\GrabbingState.cpp">
      <Filter>Source\hero</Filter>
    </ClCompile>
    <ClCompile Include="..\..\solarus\src\hero\HeroSprites.cpp">
      <Filter>Source\hero</Filter>
    </ClCompile>
    <ClCompile Include="..\..\solarus\src\hero\HeroState.cpp">
      <Filter>Source\hero</Filter>
    </ClCompile>
    <ClCompile Include="..\..\solarus\src\hero\HookshotState.cpp">
      <Filter>Source\hero</Filter>
    </ClCompile>
    <ClCompile Include="..\..\solarus\src\hero\HurtState.cpp">
      <Filter>Source\hero</Filter>
    </ClCompile>
    <ClCompile Include="..\..\solarus\src\hero\JumpingState.cpp">
      <Filter>Source\hero</Filter>
    </ClCompile>
    <ClCompile Include="..\..\solarus\src\hero\LiftingState.cpp">
      <Filter>Source\hero</Filter>
    </ClCompile>
    <ClCompile Include="..\..\solarus\src\hero\PlayerMovementState.cpp">
      <Filter>Source\hero</Filter>
    </ClCompile>
    <ClCompile Include="..\..\solarus\src\hero\PlungingState.cpp">
      <Filter>Source\hero</Filter>
    </ClCompile>
    <ClCompile Include="..\..\solarus\src\hero\PullingState.cpp">
      <Filter>Source\hero</Filter>
    </ClCompile>
    <ClCompile Include="..\..\solarus\src\hero\PushingState.cpp">
      <Filter>Source\hero</Filter>
    </ClCompile>
    <ClCompile Include="..\..\solarus\src\hero\RunningState.cpp">
      <Filter>Source\hero</Filter>
    </ClCompile>
    <ClCompile Include="..\..\solarus\src\hero\SpinAttackState.cpp">
      <Filter>Source\hero</Filter>
    </ClCompile>
    <ClCompile Include="..\..\solarus\src\hero\StairsState.cpp">
      <Filter>Source\hero</Filter>
    </ClCompile>
    <ClCompile Include="..\..\solarus\src\hero\SwimmingState.cpp">
      <Filter>Source\hero</Filter>
    </ClCompile>
    <ClCompile Include="..\..\solarus\src\hero\SwordLoadingState.cpp">
      <Filter>Source\hero</Filter>
    </ClCompile>
    <ClCompile Include="..\..\solarus\src\hero\SwordSwingingState.cpp">
      <Filter>Source\hero</Filter>
    </ClCompile>
    <ClCompile Include="..\..\solarus\src\hero\SwordTappingState.cpp">
      <Filter>Source\hero</Filter>
    </ClCompile>
    <ClCompile Include="..\..\solarus\src\hero\TreasureState.cpp">
      <Filter>Source\hero</Filter>
    </ClCompile>
    <ClCompile Include="..\..\solarus\src\hero\UsingItemState.cpp">
      <Filter>Source\hero</Filter>
    </ClCompile>
    <ClCompile Include="..\..\solarus\src\hero\VictoryState.cpp">
      <Filter>Source\hero</Filter>
    </ClCompile>
    <ClCompile Include="..\..\solarus\src\lua\AudioApi.cpp">
      <Filter>Source\lua</Filter>
    </ClCompile>
    <ClCompile Include="..\..\solarus\src\lua\DrawableApi.cpp">
      <Filter>Source\lua</Filter>
    </ClCompile>
    <ClCompile Include="..\..\solarus\src\lua\EntityApi.cpp">
      <Filter>Source\lua</Filter>
    </ClCompile>
    <ClCompile Include="..\..\solarus\src\lua\ExportableToLua.cpp">
      <Filter>Source\lua</Filter>
    </ClCompile>
    <ClCompile Include="..\..\solarus\src\lua\FileApi.cpp">
      <Filter>Source\lua</Filter>
    </ClCompile>
    <ClCompile Include="..\..\solarus\src\lua\GameApi.cpp">
      <Filter>Source\lua</Filter>
    </ClCompile>
    <ClCompile Include="..\..\solarus\src\lua\InputApi.cpp">
      <Filter>Source\lua</Filter>
    </ClCompile>
    <ClCompile Include="..\..\solarus\src\lua\ItemApi.cpp">
      <Filter>Source\lua</Filter>
    </ClCompile>
    <ClCompile Include="..\..\solarus\src\lua\LanguageApi.cpp">
      <Filter>Source\lua</Filter>
    </ClCompile>
    <ClCompile Include="..\..\solarus\src\lua\LuaContext.cpp">
      <Filter>Source\lua</Filter>
    </ClCompile>
    <ClCompile Include="..\..\solarus\src\lua\LuaData.cpp">
      <Filter>Source\lua</Filter>
    </ClCompile>
    <ClCompile Include="..\..\solarus\src\lua\LuaException.cpp">
      <Filter>Source\lua</Filter>
    </ClCompile>
    <ClCompile Include="..\..\solarus\src\lua\LuaTools.cpp">
      <Filter>Source\lua</Filter>
    </ClCompile>
    <ClCompile Include="..\..\solarus\src\lua\MainApi.cpp">
      <Filter>Source\lua</Filter>
    </ClCompile>
    <ClCompile Include="..\..\solarus\src\lua\MapApi.cpp">
      <Filter>Source\lua</Filter>
    </ClCompile>
    <ClCompile Include="..\..\solarus\src\lua\MenuApi.cpp">
      <Filter>Source\lua</Filter>
    </ClCompile>
    <ClCompile Include="..\..\solarus\src\lua\MovementApi.cpp">
      <Filter>Source\lua</Filter>
    </ClCompile>
    <ClCompile Include="..\..\solarus\src\lua\ScopedLuaRef.cpp">
      <Filter>Source\lua</Filter>
    </ClCompile>
    <ClCompile Include="..\..\solarus\src\lua\ShaderApi.cpp">
      <Filter>Source\lua</Filter>
    </ClCompile>
    <ClCompile Include="..\..\solarus\src\lua\SoundApi.cpp">
      <Filter>Source\lua</Filter>
    </ClCompile>
    <ClCompile Include="..\..\solarus\src\lua\SpriteApi.cpp">
      <Filter>Source\lua</Filter>
    </ClCompile>
    <ClCompile Include="..\..\solarus\src\lua\StateApi.cpp">
      <Filter>Source\lua</Filter>
    </ClCompile>
    <ClCompile Include="..\..\solarus\src\lua\SurfaceApi.cpp">
      <Filter>Source\lua</Filter>
    </ClCompile>
    <ClCompile Include="..\..\solarus\src\lua\TextSurfaceApi.cpp">
      <Filter>Source\lua</Filter>
    </ClCompile>
    <ClCompile Include="..\..\solarus\src\lua\TimerApi.cpp">
      <Filter>Source\lua</Filter>
    </ClCompile>
    <ClCompile Include="..\..\solarus\src\lua\VideoApi.cpp">
      <Filter>Source\lua</Filter>
    </ClCompile>
    <ClCompile Include="..\..\solarus\src\main\Main.cpp">
      <Filter>Source\main</Filter>
    </ClCompile>
    <ClCompile Include="..\..\solarus\src\movements\CircleMovement.cpp">
      <Filter>Source\movements</Filter>
    </ClCompile>
    <ClCompile Include="..\..\solarus\src\movements\FallingOnFloorMovement.cpp">
      <Filter>Source\movements</Filter>
    </ClCompile>
    <ClCompile Include="..\..\solarus\src\movements\JumpMovement.cpp">
      <Filter>Source\movements</Filter>
    </ClCompile>
    <ClCompile Include="..\..\solarus\src\movements\Movement.cpp">
      <Filter>Source\movements</Filter>
    </ClCompile>
    <ClCompile Include="..\..\solarus\src\movements\PathFinding.cpp">
      <Filter>Source\movements</Filter>
    </ClCompile>
    <ClCompile Include="..\..\solarus\src\movements\PathFindingMovement.cpp">
      <Filter>Source\movements</Filter>
    </ClCompile>
    <ClCompile Include="..\..\solarus\src\movements\PathMovement.cpp">
      <Filter>Source\movements</Filter>
    </ClCompile>
    <ClCompile Include="..\..\solarus\src\movements\PixelMovement.cpp">
      <Filter>Source\movements</Filter>
    </ClCompile>
    <ClCompile Include="..\..\solarus\src\movements\PlayerMovement.cpp">
      <Filter>Source\movements</Filter>
    </ClCompile>
    <ClCompile Include="..\..\solarus\src\movements\RandomMovement.cpp">
      <Filter>Source\movements</Filter>
    </ClCompile>
    <ClCompile Include="..\..\solarus\src\movements\RandomPathMovement.cpp">
      <Filter>Source\movements</Filter>
    </ClCompile>
    <ClCompile Include="..\..\solarus\src\movements\RelativeMovement.cpp">
      <Filter>Source\movements</Filter>
    </ClCompile>
    <ClCompile Include="..\..\solarus\src\movements\StraightMovement.cpp">
      <Filter>Source\movements</Filter>
    </ClCompile>
    <ClCompile Include="..\..\solarus\src\movements\TargetMovement.cpp">
      <Filter>Source\movements</Filter>
    </ClCompile>
    <ClCompile Include="..\..\solarus\src\third_party\glad\glad.c">
      <Filter>Source\third_party\glad</Filter>
    </ClCompile>
    <ClCompile Include="..\..\solarus\src\third_party\hqx\hq2x.c">
      <Filter>Source\third_party\hqx</Filter>
    </ClCompile>
    <ClCompile Include="..\..\solarus\src\third_party\hqx\hq3x.c">
      <Filter>Source\third_party\hqx</Filter>
    </ClCompile>
    <ClCompile Include="..\..\solarus\src\third_party\hqx\hq4x.c">
      <Filter>Source\third_party\hqx</Filter>
    </ClCompile>
    <ClCompile Include="..\..\solarus\src\third_party\hqx\init.c">
      <Filter>Source\third_party\hqx</Filter>
    </ClCompile>
    <ClCompile Include="..\..\solarus\src\third_party\snes_spc\dsp.cpp">
      <Filter>Source\third_party\snes_spc</Filter>
    </ClCompile>
    <ClCompile Include="..\..\solarus\src\third_party\snes_spc\SNES_SPC.cpp">
      <Filter>Source\third_party\snes_spc</Filter>
    </ClCompile>
    <ClCompile Include="..\..\solarus\src\third_party\snes_spc\SNES_SPC_misc.cpp">
      <Filter>Source\third_party\snes_spc</Filter>
    </ClCompile>
    <ClCompile Include="..\..\solarus\src\third_party\snes_spc\SNES_SPC_state.cpp">
      <Filter>Source\third_party\snes_spc</Filter>
    </ClCompile>
    <ClCompile Include="..\..\solarus\src\third_party\snes_spc\spc.cpp">
      <Filter>Source\third_party\snes_spc</Filter>
    </ClCompile>
    <ClCompile Include="..\..\solarus\src\third_party\snes_spc\SPC_DSP.cpp">
      <Filter>Source\third_party\snes_spc</Filter>
    </ClCompile>
    <ClCompile Include="..\..\solarus\src\third_party\snes_spc\SPC_Filter.cpp">
      <Filter>Source\third_party\snes_spc</Filter>
    </ClCompile>
  </ItemGroup>
  <ItemGroup>
    <ClInclude Include="App.xaml.h" />
    <ClInclude Include="Solarus_WinRT_XAMLMain.h" />
    <ClInclude Include="DirectXPage.xaml.h" />
    <ClInclude Include="pch.h" />
    <ClInclude Include="..\..\include\lua.hpp">
      <Filter>include</Filter>
    </ClInclude>
    <ClInclude Include="..\..\solarus\include\audio\ItDecoder.h">
      <Filter>include\audio</Filter>
    </ClInclude>
    <ClInclude Include="..\..\solarus\include\audio\Music.h">
      <Filter>include\audio</Filter>
    </ClInclude>
    <ClInclude Include="..\..\solarus\include\audio\OggDecoder.h">
      <Filter>include\audio</Filter>
    </ClInclude>
    <ClInclude Include="..\..\solarus\include\audio\Sound.h">
      <Filter>include\audio</Filter>
    </ClInclude>
    <ClInclude Include="..\..\solarus\include\audio\SoundBuffer.h">
      <Filter>include\audio</Filter>
    </ClInclude>
    <ClInclude Include="..\..\solarus\include\audio\SoundPtr.h">
      <Filter>include\audio</Filter>
    </ClInclude>
    <ClInclude Include="..\..\solarus\include\audio\SpcDecoder.h">
      <Filter>include\audio</Filter>
    </ClInclude>
    <ClInclude Include="..\..\solarus\include\core\Ability.h">
      <Filter>include\core</Filter>
    </ClInclude>
    <ClInclude Include="..\..\solarus\include\core\AbilityInfo.h">
      <Filter>include\core</Filter>
    </ClInclude>
    <ClInclude Include="..\..\solarus\include\core\AndroidConfig.h">
      <Filter>include\core</Filter>
    </ClInclude>
    <ClInclude Include="..\..\solarus\include\core\AppleInterface.h">
      <Filter>include\core</Filter>
    </ClInclude>
    <ClInclude Include="..\..\solarus\include\core\Arguments.h">
      <Filter>include\core</Filter>
    </ClInclude>
    <ClInclude Include="..\..\solarus\include\core\CommandsEffects.h">
      <Filter>include\core</Filter>
    </ClInclude>
    <ClInclude Include="..\..\solarus\include\core\Common.h">
      <Filter>include\core</Filter>
    </ClInclude>
    <ClInclude Include="..\..\solarus\include\core\config.h">
      <Filter>include\core</Filter>
    </ClInclude>
    <ClInclude Include="..\..\solarus\include\core\CurrentQuest.h">
      <Filter>include\core</Filter>
    </ClInclude>
    <ClInclude Include="..\..\solarus\include\core\Debug.h">
      <Filter>include\core</Filter>
    </ClInclude>
    <ClInclude Include="..\..\solarus\include\core\Dialog.h">
      <Filter>include\core</Filter>
    </ClInclude>
    <ClInclude Include="..\..\solarus\include\core\DialogBoxSystem.h">
      <Filter>include\core</Filter>
    </ClInclude>
    <ClInclude Include="..\..\solarus\include\core\DialogResources.h">
      <Filter>include\core</Filter>
    </ClInclude>
    <ClInclude Include="..\..\solarus\include\core\EnumInfo.h">
      <Filter>include\core</Filter>
    </ClInclude>
    <ClInclude Include="..\..\solarus\include\core\Equipment.h">
      <Filter>include\core</Filter>
    </ClInclude>
    <ClInclude Include="..\..\solarus\include\core\EquipmentItem.h">
      <Filter>include\core</Filter>
    </ClInclude>
    <ClInclude Include="..\..\solarus\include\core\EquipmentItemUsage.h">
      <Filter>include\core</Filter>
    </ClInclude>
    <ClInclude Include="..\..\solarus\include\core\FontResource.h">
      <Filter>include\core</Filter>
    </ClInclude>
    <ClInclude Include="..\..\solarus\include\core\Game.h">
      <Filter>include\core</Filter>
    </ClInclude>
    <ClInclude Include="..\..\solarus\include\core\GameCommand.h">
      <Filter>include\core</Filter>
    </ClInclude>
    <ClInclude Include="..\..\solarus\include\core\GameCommands.h">
      <Filter>include\core</Filter>
    </ClInclude>
    <ClInclude Include="..\..\solarus\include\core\Geometry.h">
      <Filter>include\core</Filter>
    </ClInclude>
    <ClInclude Include="..\..\solarus\include\core\InputEvent.h">
      <Filter>include\core</Filter>
    </ClInclude>
    <ClInclude Include="..\..\solarus\include\core\Logger.h">
      <Filter>include\core</Filter>
    </ClInclude>
    <ClInclude Include="..\..\solarus\include\core\MainLoop.h">
      <Filter>include\core</Filter>
    </ClInclude>
    <ClInclude Include="..\..\solarus\include\core\Map.h">
      <Filter>include\core</Filter>
    </ClInclude>
    <ClInclude Include="..\..\solarus\include\core\MapData.h">
      <Filter>include\core</Filter>
    </ClInclude>
    <ClInclude Include="..\..\solarus\include\core\PerfCounter.h">
      <Filter>include\core</Filter>
    </ClInclude>
    <ClInclude Include="..\..\solarus\include\core\PixelBits.h">
      <Filter>include\core</Filter>
    </ClInclude>
    <ClInclude Include="..\..\solarus\include\core\Platform.h">
      <Filter>include\core</Filter>
    </ClInclude>
    <ClInclude Include="..\..\solarus\include\core\Point.h">
      <Filter>include\core</Filter>
    </ClInclude>
    <ClInclude Include="..\..\solarus\include\core\Profiler.h">
      <Filter>include\core</Filter>
    </ClInclude>
    <ClInclude Include="..\..\solarus\include\core\QuestDatabase.h">
      <Filter>include\core</Filter>
    </ClInclude>
    <ClInclude Include="..\..\solarus\include\core\QuestFiles.h">
      <Filter>include\core</Filter>
    </ClInclude>
    <ClInclude Include="..\..\solarus\include\core\QuestProperties.h">
      <Filter>include\core</Filter>
    </ClInclude>
    <ClInclude Include="..\..\solarus\include\core\Random.h">
      <Filter>include\core</Filter>
    </ClInclude>
    <ClInclude Include="..\..\solarus\include\core\Rectangle.h">
      <Filter>include\core</Filter>
    </ClInclude>
    <ClInclude Include="..\..\solarus\include\core\ResourceProvider.h">
      <Filter>include\core</Filter>
    </ClInclude>
    <ClInclude Include="..\..\solarus\include\core\ResourceType.h">
      <Filter>include\core</Filter>
    </ClInclude>
    <ClInclude Include="..\..\solarus\include\core\Savegame.h">
      <Filter>include\core</Filter>
    </ClInclude>
    <ClInclude Include="..\..\solarus\include\core\SavegameConverterV1.h">
      <Filter>include\core</Filter>
    </ClInclude>
    <ClInclude Include="..\..\solarus\include\core\Scale.h">
      <Filter>include\core</Filter>
    </ClInclude>
    <ClInclude Include="..\..\solarus\include\core\Settings.h">
      <Filter>include\core</Filter>
    </ClInclude>
    <ClInclude Include="..\..\solarus\include\core\Size.h">
      <Filter>include\core</Filter>
    </ClInclude>
    <ClInclude Include="..\..\solarus\include\core\SolarusFatal.h">
      <Filter>include\core</Filter>
    </ClInclude>
    <ClInclude Include="..\..\solarus\include\core\String.h">
      <Filter>include\core</Filter>
    </ClInclude>
    <ClInclude Include="..\..\solarus\include\core\StringResources.h">
      <Filter>include\core</Filter>
    </ClInclude>
    <ClInclude Include="..\..\solarus\include\core\System.h">
      <Filter>include\core</Filter>
    </ClInclude>
    <ClInclude Include="..\..\solarus\include\core\Timer.h">
      <Filter>include\core</Filter>
    </ClInclude>
    <ClInclude Include="..\..\solarus\include\core\TimerPtr.h">
      <Filter>include\core</Filter>
    </ClInclude>
    <ClInclude Include="..\..\solarus\include\core\Transform.h">
      <Filter>include\core</Filter>
    </ClInclude>
    <ClInclude Include="..\..\solarus\include\core\Treasure.h">
      <Filter>include\core</Filter>
    </ClInclude>
    <ClInclude Include="..\..\solarus\include\entities\AnimatedTilePattern.h">
      <Filter>include\entities</Filter>
    </ClInclude>
    <ClInclude Include="..\..\solarus\include\entities\Arrow.h">
      <Filter>include\entities</Filter>
    </ClInclude>
    <ClInclude Include="..\..\solarus\include\entities\Block.h">
      <Filter>include\entities</Filter>
    </ClInclude>
    <ClInclude Include="..\..\solarus\include\entities\Bomb.h">
      <Filter>include\entities</Filter>
    </ClInclude>
    <ClInclude Include="..\..\solarus\include\entities\Boomerang.h">
      <Filter>include\entities</Filter>
    </ClInclude>
    <ClInclude Include="..\..\solarus\include\entities\BorderKind.h">
      <Filter>include\entities</Filter>
    </ClInclude>
    <ClInclude Include="..\..\solarus\include\entities\BorderSet.h">
      <Filter>include\entities</Filter>
    </ClInclude>
    <ClInclude Include="..\..\solarus\include\entities\Camera.h">
      <Filter>include\entities</Filter>
    </ClInclude>
    <ClInclude Include="..\..\solarus\include\entities\CameraPtr.h">
      <Filter>include\entities</Filter>
    </ClInclude>
    <ClInclude Include="..\..\solarus\include\entities\CarriedObject.h">
      <Filter>include\entities</Filter>
    </ClInclude>
    <ClInclude Include="..\..\solarus\include\entities\Chest.h">
      <Filter>include\entities</Filter>
    </ClInclude>
    <ClInclude Include="..\..\solarus\include\entities\CollisionMode.h">
      <Filter>include\entities</Filter>
    </ClInclude>
    <ClInclude Include="..\..\solarus\include\entities\Crystal.h">
      <Filter>include\entities</Filter>
    </ClInclude>
    <ClInclude Include="..\..\solarus\include\entities\CrystalBlock.h">
      <Filter>include\entities</Filter>
    </ClInclude>
    <ClInclude Include="..\..\solarus\include\entities\CustomEntity.h">
      <Filter>include\entities</Filter>
    </ClInclude>
    <ClInclude Include="..\..\solarus\include\entities\Destination.h">
      <Filter>include\entities</Filter>
    </ClInclude>
    <ClInclude Include="..\..\solarus\include\entities\Destructible.h">
      <Filter>include\entities</Filter>
    </ClInclude>
    <ClInclude Include="..\..\solarus\include\entities\Door.h">
      <Filter>include\entities</Filter>
    </ClInclude>
    <ClInclude Include="..\..\solarus\include\entities\DynamicTile.h">
      <Filter>include\entities</Filter>
    </ClInclude>
    <ClInclude Include="..\..\solarus\include\entities\Enemy.h">
      <Filter>include\entities</Filter>
    </ClInclude>
    <ClInclude Include="..\..\solarus\include\entities\EnemyAttack.h">
      <Filter>include\entities</Filter>
    </ClInclude>
    <ClInclude Include="..\..\solarus\include\entities\EnemyReaction.h">
      <Filter>include\entities</Filter>
    </ClInclude>
    <ClInclude Include="..\..\solarus\include\entities\Entities.h">
      <Filter>include\entities</Filter>
    </ClInclude>
    <ClInclude Include="..\..\solarus\include\entities\Entity.h">
      <Filter>include\entities</Filter>
    </ClInclude>
    <ClInclude Include="..\..\solarus\include\entities\EntityData.h">
      <Filter>include\entities</Filter>
    </ClInclude>
    <ClInclude Include="..\..\solarus\include\entities\EntityPtr.h">
      <Filter>include\entities</Filter>
    </ClInclude>
    <ClInclude Include="..\..\solarus\include\entities\EntityState.h">
      <Filter>include\entities</Filter>
    </ClInclude>
    <ClInclude Include="..\..\solarus\include\entities\EntityType.h">
      <Filter>include\entities</Filter>
    </ClInclude>
    <ClInclude Include="..\..\solarus\include\entities\EntityTypeInfo.h">
      <Filter>include\entities</Filter>
    </ClInclude>
    <ClInclude Include="..\..\solarus\include\entities\Explosion.h">
      <Filter>include\entities</Filter>
    </ClInclude>
    <ClInclude Include="..\..\solarus\include\entities\Fire.h">
      <Filter>include\entities</Filter>
    </ClInclude>
    <ClInclude Include="..\..\solarus\include\entities\Ground.h">
      <Filter>include\entities</Filter>
    </ClInclude>
    <ClInclude Include="..\..\solarus\include\entities\GroundInfo.h">
      <Filter>include\entities</Filter>
    </ClInclude>
    <ClInclude Include="..\..\solarus\include\entities\Hero.h">
      <Filter>include\entities</Filter>
    </ClInclude>
    <ClInclude Include="..\..\solarus\include\entities\HeroPtr.h">
      <Filter>include\entities</Filter>
    </ClInclude>
    <ClInclude Include="..\..\solarus\include\entities\Hookshot.h">
      <Filter>include\entities</Filter>
    </ClInclude>
    <ClInclude Include="..\..\solarus\include\entities\Jumper.h">
      <Filter>include\entities</Filter>
    </ClInclude>
    <ClInclude Include="..\..\solarus\include\entities\NonAnimatedRegions.h">
      <Filter>include\entities</Filter>
    </ClInclude>
    <ClInclude Include="..\..\solarus\include\entities\Npc.h">
      <Filter>include\entities</Filter>
    </ClInclude>
    <ClInclude Include="..\..\solarus\include\entities\ParallaxScrollingTilePattern.h">
      <Filter>include\entities</Filter>
    </ClInclude>
    <ClInclude Include="..\..\solarus\include\entities\Pickable.h">
      <Filter>include\entities</Filter>
    </ClInclude>
    <ClInclude Include="..\..\solarus\include\entities\SelfScrollingTilePattern.h">
      <Filter>include\entities</Filter>
    </ClInclude>
    <ClInclude Include="..\..\solarus\include\entities\Sensor.h">
      <Filter>include\entities</Filter>
    </ClInclude>
    <ClInclude Include="..\..\solarus\include\entities\Separator.h">
      <Filter>include\entities</Filter>
    </ClInclude>
    <ClInclude Include="..\..\solarus\include\entities\SeparatorPtr.h">
      <Filter>include\entities</Filter>
    </ClInclude>
    <ClInclude Include="..\..\solarus\include\entities\ShopTreasure.h">
      <Filter>include\entities</Filter>
    </ClInclude>
    <ClInclude Include="..\..\solarus\include\entities\SimpleTilePattern.h">
      <Filter>include\entities</Filter>
    </ClInclude>
    <ClInclude Include="..\..\solarus\include\entities\Stairs.h">
      <Filter>include\entities</Filter>
    </ClInclude>
    <ClInclude Include="..\..\solarus\include\entities\StartingLocationMode.h">
      <Filter>include\entities</Filter>
    </ClInclude>
    <ClInclude Include="..\..\solarus\include\entities\Stream.h">
      <Filter>include\entities</Filter>
    </ClInclude>
    <ClInclude Include="..\..\solarus\include\entities\StreamAction.h">
      <Filter>include\entities</Filter>
    </ClInclude>
    <ClInclude Include="..\..\solarus\include\entities\Switch.h">
      <Filter>include\entities</Filter>
    </ClInclude>
    <ClInclude Include="..\..\solarus\include\entities\Teletransporter.h">
      <Filter>include\entities</Filter>
    </ClInclude>
    <ClInclude Include="..\..\solarus\include\entities\Tile.h">
      <Filter>include\entities</Filter>
    </ClInclude>
    <ClInclude Include="..\..\solarus\include\entities\TileInfo.h">
      <Filter>include\entities</Filter>
    </ClInclude>
    <ClInclude Include="..\..\solarus\include\entities\TilePattern.h">
      <Filter>include\entities</Filter>
    </ClInclude>
    <ClInclude Include="..\..\solarus\include\entities\TilePtr.h">
      <Filter>include\entities</Filter>
    </ClInclude>
    <ClInclude Include="..\..\solarus\include\entities\Tileset.h">
      <Filter>include\entities</Filter>
    </ClInclude>
    <ClInclude Include="..\..\solarus\include\entities\TilesetData.h">
      <Filter>include\entities</Filter>
    </ClInclude>
    <ClInclude Include="..\..\solarus\include\entities\TraversableInfo.h">
      <Filter>include\entities</Filter>
    </ClInclude>
    <ClInclude Include="..\..\solarus\include\entities\Wall.h">
      <Filter>include\entities</Filter>
    </ClInclude>
    <ClInclude Include="..\..\solarus\include\graphics\BlendMode.h">
      <Filter>include\graphics</Filter>
    </ClInclude>
    <ClInclude Include="..\..\solarus\include\graphics\BlendModeInfo.h">
      <Filter>include\graphics</Filter>
    </ClInclude>
    <ClInclude Include="..\..\solarus\include\graphics\Color.h">
      <Filter>include\graphics</Filter>
    </ClInclude>
    <ClInclude Include="..\..\solarus\include\graphics\CustomDrawInfos.h">
      <Filter>include\graphics</Filter>
    </ClInclude>
    <ClInclude Include="..\..\solarus\include\graphics\DefaultShaders.h">
      <Filter>include\graphics</Filter>
    </ClInclude>
    <ClInclude Include="..\..\solarus\include\graphics\Drawable.h">
      <Filter>include\graphics</Filter>
    </ClInclude>
    <ClInclude Include="..\..\solarus\include\graphics\DrawablePtr.h">
      <Filter>include\graphics</Filter>
    </ClInclude>
    <ClInclude Include="..\..\solarus\include\graphics\DrawProxies.h">
      <Filter>include\graphics</Filter>
    </ClInclude>
    <ClInclude Include="..\..\solarus\include\graphics\Hq2xFilter.h">
      <Filter>include\graphics</Filter>
    </ClInclude>
    <ClInclude Include="..\..\solarus\include\graphics\Hq3xFilter.h">
      <Filter>include\graphics</Filter>
    </ClInclude>
    <ClInclude Include="..\..\solarus\include\graphics\Hq4xFilter.h">
      <Filter>include\graphics</Filter>
    </ClInclude>
    <ClInclude Include="..\..\solarus\include\graphics\quest_icon.h">
      <Filter>include\graphics</Filter>
    </ClInclude>
    <ClInclude Include="..\..\solarus\include\graphics\Renderer.h">
      <Filter>include\graphics</Filter>
    </ClInclude>
    <ClInclude Include="..\..\solarus\include\graphics\Scale2xFilter.h">
      <Filter>include\graphics</Filter>
    </ClInclude>
    <ClInclude Include="..\..\solarus\include\graphics\SDLPtrs.h">
      <Filter>include\graphics</Filter>
    </ClInclude>
    <ClInclude Include="..\..\solarus\include\graphics\Shader.h">
      <Filter>include\graphics</Filter>
    </ClInclude>
    <ClInclude Include="..\..\solarus\include\graphics\ShaderData.h">
      <Filter>include\graphics</Filter>
    </ClInclude>
    <ClInclude Include="..\..\solarus\include\graphics\ShaderPtr.h">
      <Filter>include\graphics</Filter>
    </ClInclude>
    <ClInclude Include="..\..\solarus\include\graphics\SoftwarePixelFilter.h">
      <Filter>include\graphics</Filter>
    </ClInclude>
    <ClInclude Include="..\..\solarus\include\graphics\SoftwareVideoMode.h">
      <Filter>include\graphics</Filter>
    </ClInclude>
    <ClInclude Include="..\..\solarus\include\graphics\SolarusGl.h">
      <Filter>include\graphics</Filter>
    </ClInclude>
    <ClInclude Include="..\..\solarus\include\graphics\Sprite.h">
      <Filter>include\graphics</Filter>
    </ClInclude>
    <ClInclude Include="..\..\solarus\include\graphics\SpriteAnimation.h">
      <Filter>include\graphics</Filter>
    </ClInclude>
    <ClInclude Include="..\..\solarus\include\graphics\SpriteAnimationDirection.h">
      <Filter>include\graphics</Filter>
    </ClInclude>
    <ClInclude Include="..\..\solarus\include\graphics\SpriteAnimationSet.h">
      <Filter>include\graphics</Filter>
    </ClInclude>
    <ClInclude Include="..\..\solarus\include\graphics\SpriteData.h">
      <Filter>include\graphics</Filter>
    </ClInclude>
    <ClInclude Include="..\..\solarus\include\graphics\SpritePtr.h">
      <Filter>include\graphics</Filter>
    </ClInclude>
    <ClInclude Include="..\..\solarus\include\graphics\Surface.h">
      <Filter>include\graphics</Filter>
    </ClInclude>
    <ClInclude Include="..\..\solarus\include\graphics\SurfaceImpl.h">
      <Filter>include\graphics</Filter>
    </ClInclude>
    <ClInclude Include="..\..\solarus\include\graphics\SurfacePtr.h">
      <Filter>include\graphics</Filter>
    </ClInclude>
    <ClInclude Include="..\..\solarus\include\graphics\TextSurface.h">
      <Filter>include\graphics</Filter>
    </ClInclude>
    <ClInclude Include="..\..\solarus\include\graphics\Transition.h">
      <Filter>include\graphics</Filter>
    </ClInclude>
    <ClInclude Include="..\..\solarus\include\graphics\TransitionFade.h">
      <Filter>include\graphics</Filter>
    </ClInclude>
    <ClInclude Include="..\..\solarus\include\graphics\TransitionImmediate.h">
      <Filter>include\graphics</Filter>
    </ClInclude>
    <ClInclude Include="..\..\solarus\include\graphics\TransitionScrolling.h">
      <Filter>include\graphics</Filter>
    </ClInclude>
    <ClInclude Include="..\..\solarus\include\graphics\VertexArray.h">
      <Filter>include\graphics</Filter>
    </ClInclude>
    <ClInclude Include="..\..\solarus\include\graphics\VertexArrayPtr.h">
      <Filter>include\graphics</Filter>
    </ClInclude>
    <ClInclude Include="..\..\solarus\include\graphics\Video.h">
      <Filter>include\graphics</Filter>
    </ClInclude>
    <ClInclude Include="..\..\solarus\include\graphics\sdlrenderer\SDLRenderer.h">
      <Filter>include\graphics\sdlrenderer</Filter>
    </ClInclude>
    <ClInclude Include="..\..\solarus\include\graphics\sdlrenderer\SDLShader.h">
      <Filter>include\graphics\sdlrenderer</Filter>
    </ClInclude>
    <ClInclude Include="..\..\solarus\include\graphics\sdlrenderer\SDLSurfaceImpl.h">
      <Filter>include\graphics\sdlrenderer</Filter>
    </ClInclude>
    <ClInclude Include="..\..\solarus\include\graphics\glrenderer\GlRenderer.h">
      <Filter>include\graphics\glrenderer</Filter>
    </ClInclude>
    <ClInclude Include="..\..\solarus\include\graphics\glrenderer\GlShader.h">
      <Filter>include\graphics\glrenderer</Filter>
    </ClInclude>
    <ClInclude Include="..\..\solarus\include\graphics\glrenderer\GlTexture.h">
      <Filter>include\graphics\glrenderer</Filter>
    </ClInclude>
    <ClInclude Include="..\..\solarus\include\hero\BackToSolidGroundState.h">
      <Filter>include\hero</Filter>
    </ClInclude>
    <ClInclude Include="..\..\solarus\include\hero\BoomerangState.h">
      <Filter>include\hero</Filter>
    </ClInclude>
    <ClInclude Include="..\..\solarus\include\hero\BowState.h">
      <Filter>include\hero</Filter>
    </ClInclude>
    <ClInclude Include="..\..\solarus\include\hero\CarryingState.h">
      <Filter>include\hero</Filter>
    </ClInclude>
    <ClInclude Include="..\..\solarus\include\hero\CustomState.h">
      <Filter>include\hero</Filter>
    </ClInclude>
    <ClInclude Include="..\..\solarus\include\hero\FallingState.h">
      <Filter>include\hero</Filter>
    </ClInclude>
    <ClInclude Include="..\..\solarus\include\hero\ForcedWalkingState.h">
      <Filter>include\hero</Filter>
    </ClInclude>
    <ClInclude Include="..\..\solarus\include\hero\FreeState.h">
      <Filter>include\hero</Filter>
    </ClInclude>
    <ClInclude Include="..\..\solarus\include\hero\FrozenState.h">
      <Filter>include\hero</Filter>
    </ClInclude>
    <ClInclude Include="..\..\solarus\include\hero\GrabbingState.h">
      <Filter>include\hero</Filter>
    </ClInclude>
    <ClInclude Include="..\..\solarus\include\hero\HeroSprites.h">
      <Filter>include\hero</Filter>
    </ClInclude>
    <ClInclude Include="..\..\solarus\include\hero\HeroState.h">
      <Filter>include\hero</Filter>
    </ClInclude>
    <ClInclude Include="..\..\solarus\include\hero\HookshotState.h">
      <Filter>include\hero</Filter>
    </ClInclude>
    <ClInclude Include="..\..\solarus\include\hero\HurtState.h">
      <Filter>include\hero</Filter>
    </ClInclude>
    <ClInclude Include="..\..\solarus\include\hero\JumpingState.h">
      <Filter>include\hero</Filter>
    </ClInclude>
    <ClInclude Include="..\..\solarus\include\hero\LiftingState.h">
      <Filter>include\hero</Filter>
    </ClInclude>
    <ClInclude Include="..\..\solarus\include\hero\PlayerMovementState.h">
      <Filter>include\hero</Filter>
    </ClInclude>
    <ClInclude Include="..\..\solarus\include\hero\PlungingState.h">
      <Filter>include\hero</Filter>
    </ClInclude>
    <ClInclude Include="..\..\solarus\include\hero\PullingState.h">
      <Filter>include\hero</Filter>
    </ClInclude>
    <ClInclude Include="..\..\solarus\include\hero\PushingState.h">
      <Filter>include\hero</Filter>
    </ClInclude>
    <ClInclude Include="..\..\solarus\include\hero\RunningState.h">
      <Filter>include\hero</Filter>
    </ClInclude>
    <ClInclude Include="..\..\solarus\include\hero\SpinAttackState.h">
      <Filter>include\hero</Filter>
    </ClInclude>
    <ClInclude Include="..\..\solarus\include\hero\StairsState.h">
      <Filter>include\hero</Filter>
    </ClInclude>
    <ClInclude Include="..\..\solarus\include\hero\SwimmingState.h">
      <Filter>include\hero</Filter>
    </ClInclude>
    <ClInclude Include="..\..\solarus\include\hero\SwordLoadingState.h">
      <Filter>include\hero</Filter>
    </ClInclude>
    <ClInclude Include="..\..\solarus\include\hero\SwordSwingingState.h">
      <Filter>include\hero</Filter>
    </ClInclude>
    <ClInclude Include="..\..\solarus\include\hero\SwordTappingState.h">
      <Filter>include\hero</Filter>
    </ClInclude>
    <ClInclude Include="..\..\solarus\include\hero\TreasureState.h">
      <Filter>include\hero</Filter>
    </ClInclude>
    <ClInclude Include="..\..\solarus\include\hero\UsingItemState.h">
      <Filter>include\hero</Filter>
    </ClInclude>
    <ClInclude Include="..\..\solarus\include\hero\VictoryState.h">
      <Filter>include\hero</Filter>
    </ClInclude>
    <ClInclude Include="..\..\solarus\include\lua\ExportableToLua.h">
      <Filter>include\lua</Filter>
    </ClInclude>
    <ClInclude Include="..\..\solarus\include\lua\ExportableToLuaPtr.h">
      <Filter>include\lua</Filter>
    </ClInclude>
    <ClInclude Include="..\..\solarus\include\lua\LuaContext.h">
      <Filter>include\lua</Filter>
    </ClInclude>
    <ClInclude Include="..\..\solarus\include\lua\LuaData.h">
      <Filter>include\lua</Filter>
    </ClInclude>
    <ClInclude Include="..\..\solarus\include\lua\LuaException.h">
      <Filter>include\lua</Filter>
    </ClInclude>
    <ClInclude Include="..\..\solarus\include\lua\LuaTools.h">
      <Filter>include\lua</Filter>
    </ClInclude>
    <ClInclude Include="..\..\solarus\include\lua\ScopedLuaRef.h">
      <Filter>include\lua</Filter>
    </ClInclude>
    <ClInclude Include="..\..\solarus\include\movements\CircleMovement.h">
      <Filter>include\movements</Filter>
    </ClInclude>
    <ClInclude Include="..\..\solarus\include\movements\FallingHeight.h">
      <Filter>include\movements</Filter>
    </ClInclude>
    <ClInclude Include="..\..\solarus\include\movements\FallingOnFloorMovement.h">
      <Filter>include\movements</Filter>
    </ClInclude>
    <ClInclude Include="..\..\solarus\include\movements\JumpMovement.h">
      <Filter>include\movements</Filter>
    </ClInclude>
    <ClInclude Include="..\..\solarus\include\movements\Movement.h">
      <Filter>include\movements</Filter>
    </ClInclude>
    <ClInclude Include="..\..\solarus\include\movements\PathFinding.h">
      <Filter>include\movements</Filter>
    </ClInclude>
    <ClInclude Include="..\..\solarus\include\movements\PathFindingMovement.h">
      <Filter>include\movements</Filter>
    </ClInclude>
    <ClInclude Include="..\..\solarus\include\movements\PathMovement.h">
      <Filter>include\movements</Filter>
    </ClInclude>
    <ClInclude Include="..\..\solarus\include\movements\PixelMovement.h">
      <Filter>include\movements</Filter>
    </ClInclude>
    <ClInclude Include="..\..\solarus\include\movements\PlayerMovement.h">
      <Filter>include\movements</Filter>
    </ClInclude>
    <ClInclude Include="..\..\solarus\include\movements\RandomMovement.h">
      <Filter>include\movements</Filter>
    </ClInclude>
    <ClInclude Include="..\..\solarus\include\movements\RandomPathMovement.h">
      <Filter>include\movements</Filter>
    </ClInclude>
    <ClInclude Include="..\..\solarus\include\movements\RelativeMovement.h">
      <Filter>include\movements</Filter>
    </ClInclude>
    <ClInclude Include="..\..\solarus\include\movements\StraightMovement.h">
      <Filter>include\movements</Filter>
    </ClInclude>
    <ClInclude Include="..\..\solarus\include\movements\TargetMovement.h">
      <Filter>include\movements</Filter>
    </ClInclude>
    <ClInclude Include="..\..\solarus\include\third_party\KHR\khrplatform.h">
      <Filter>include\third_party\KHR</Filter>
    </ClInclude>
    <ClInclude Include="..\..\solarus\include\third_party\hqx\common.h">
      <Filter>include\third_party\hqx</Filter>
    </ClInclude>
    <ClInclude Include="..\..\solarus\include\third_party\hqx\hqx.h">
      <Filter>include\third_party\hqx</Filter>
    </ClInclude>
    <ClInclude Include="..\..\solarus\include\third_party\snes_spc\blargg_common.h">
      <Filter>include\third_party\snes_spc</Filter>
    </ClInclude>
    <ClInclude Include="..\..\solarus\include\third_party\snes_spc\blargg_config.h">
      <Filter>include\third_party\snes_spc</Filter>
    </ClInclude>
    <ClInclude Include="..\..\solarus\include\third_party\snes_spc\blargg_endian.h">
      <Filter>include\third_party\snes_spc</Filter>
    </ClInclude>
    <ClInclude Include="..\..\solarus\include\third_party\snes_spc\blargg_source.h">
      <Filter>include\third_party\snes_spc</Filter>
    </ClInclude>
    <ClInclude Include="..\..\solarus\include\third_party\snes_spc\dsp.h">
      <Filter>include\third_party\snes_spc</Filter>
    </ClInclude>
    <ClInclude Include="..\..\solarus\include\third_party\snes_spc\SNES_SPC.h">
      <Filter>include\third_party\snes_spc</Filter>
    </ClInclude>
    <ClInclude Include="..\..\solarus\include\third_party\snes_spc\spc.h">
      <Filter>include\third_party\snes_spc</Filter>
    </ClInclude>
    <ClInclude Include="..\..\solarus\include\third_party\snes_spc\SPC_CPU.h">
      <Filter>include\third_party\snes_spc</Filter>
    </ClInclude>
    <ClInclude Include="..\..\solarus\include\third_party\snes_spc\SPC_DSP.h">
      <Filter>include\third_party\snes_spc</Filter>
    </ClInclude>
    <ClInclude Include="..\..\solarus\include\third_party\snes_spc\SPC_Filter.h">
      <Filter>include\third_party\snes_spc</Filter>
    </ClInclude>
    <ClInclude Include="..\..\solarus\include\third_party\glad\glad.h">
      <Filter>include\third_party\glad</Filter>
    </ClInclude>
    <ClInclude Include="..\..\solarus\include\containers\FreeList.h">
      <Filter>include\containers</Filter>
    </ClInclude>
    <ClInclude Include="..\..\solarus\include\containers\Grid.h">
      <Filter>include\containers</Filter>
    </ClInclude>
    <ClInclude Include="..\..\solarus\include\containers\Quadtree.h">
      <Filter>include\containers</Filter>
    </ClInclude>
    <ClInclude Include="FunctionHelper.h" />
  </ItemGroup>
  <ItemGroup>
    <Image Include="Assets\StoreLogo.png">
      <Filter>Assets</Filter>
    </Image>
  </ItemGroup>
  <ItemGroup>
    <AppxManifest Include="Package.appxmanifest" />
  </ItemGroup>
  <ItemGroup>
    <None Include="Solarus-WinRT-XAML_TemporaryKey.pfx" />
    <None Include="..\..\solarus\include\core\EnumInfo.inl">
      <Filter>include\core</Filter>
    </None>
    <None Include="..\..\solarus\include\core\PerfCounter.inl">
      <Filter>include\core</Filter>
    </None>
    <None Include="..\..\solarus\include\core\Point.inl">
      <Filter>include\core</Filter>
    </None>
    <None Include="..\..\solarus\include\core\Rectangle.inl">
      <Filter>include\core</Filter>
    </None>
    <None Include="..\..\solarus\include\core\Scale.inl">
      <Filter>include\core</Filter>
    </None>
    <None Include="..\..\solarus\include\core\Size.inl">
      <Filter>include\core</Filter>
    </None>
    <None Include="..\..\solarus\include\core\Transform.inl">
      <Filter>include\core</Filter>
    </None>
    <None Include="..\..\solarus\include\graphics\Color.inl">
      <Filter>include\graphics</Filter>
    </None>
    <None Include="..\..\solarus\include\lua\LuaTools.inl">
      <Filter>include\lua</Filter>
    </None>
    <None Include="..\..\solarus\include\containers\Quadtree.inl">
      <Filter>include\containers</Filter>
    </None>
  </ItemGroup>
  <ItemGroup>
    <Page Include="DirectXPage.xaml" />
  </ItemGroup>
</Project>